
Microsoft Visual Studio Solution File, Format Version 12.00
# Visual Studio Version 16
VisualStudioVersion = 16.0.31515.178
MinimumVisualStudioVersion = 10.0.40219.1
Project("{FAE04EC0-301F-11D3-BF4B-00C04F79EFBC}") = "StarsGameApi", "StarsGameApi.csproj", "{DF5EE0FE-B7F6-4B35-98E6-91180F1AD616}"
EndProject
Global
	GlobalSection(SolutionConfigurationPlatforms) = preSolution
		Debug|Any CPU = Debug|Any CPU
		Release|Any CPU = Release|Any CPU
	EndGlobalSection
	GlobalSection(ProjectConfigurationPlatforms) = postSolution
		{DF5EE0FE-B7F6-4B35-98E6-91180F1AD616}.Debug|Any CPU.ActiveCfg = Debug|Any CPU
		{DF5EE0FE-B7F6-4B35-98E6-91180F1AD616}.Debug|Any CPU.Build.0 = Debug|Any CPU
		{DF5EE0FE-B7F6-4B35-98E6-91180F1AD616}.Release|Any CPU.ActiveCfg = Release|Any CPU
		{DF5EE0FE-B7F6-4B35-98E6-91180F1AD616}.Release|Any CPU.Build.0 = Release|Any CPU
	EndGlobalSection
	GlobalSection(SolutionProperties) = preSolution
		HideSolutionNode = FALSE
	EndGlobalSection
	GlobalSection(ExtensibilityGlobals) = postSolution
		SolutionGuid = {2470AD50-1FE4-409C-9F4F-9D84ACF26CBB}
	EndGlobalSection
EndGlobal
